// !$*UTF8*$!
{
	archiveVersion = 1;
	classes = {
	};
	objectVersion = 46;
	objects = {

/* Begin PBXBuildFile section */
		421177CF20BAFEF000AA2335 /* MinCostClimbingStairsSolver.swift in Sources */ = {isa = PBXBuildFile; fileRef = 421177CE20BAFEF000AA2335 /* MinCostClimbingStairsSolver.swift */; };
		421177D120BAFF3A00AA2335 /* MinCostClimbingStairsSolverTest.swift in Sources */ = {isa = PBXBuildFile; fileRef = 421177D020BAFF3A00AA2335 /* MinCostClimbingStairsSolverTest.swift */; };
		421177D320BB088B00AA2335 /* BuyAndSellOneStockSolver.swift in Sources */ = {isa = PBXBuildFile; fileRef = 421177D220BB088B00AA2335 /* BuyAndSellOneStockSolver.swift */; };
		421177D520BB08D700AA2335 /* BuyAndSellOneStockTest.swift in Sources */ = {isa = PBXBuildFile; fileRef = 421177D420BB08D700AA2335 /* BuyAndSellOneStockTest.swift */; };
		421177D720BB147300AA2335 /* StairClimbing.swift in Sources */ = {isa = PBXBuildFile; fileRef = 421177D620BB147300AA2335 /* StairClimbing.swift */; };
		421177D920BB177C00AA2335 /* StairClimbingTest.swift in Sources */ = {isa = PBXBuildFile; fileRef = 421177D820BB177C00AA2335 /* StairClimbingTest.swift */; };
		421177DB20BB1A6800AA2335 /* HouseRobberSolver.swift in Sources */ = {isa = PBXBuildFile; fileRef = 421177DA20BB1A6800AA2335 /* HouseRobberSolver.swift */; };
		421177DD20BB1EC500AA2335 /* ZigZagTreeTraversal.swift in Sources */ = {isa = PBXBuildFile; fileRef = 421177DC20BB1EC500AA2335 /* ZigZagTreeTraversal.swift */; };
		421177DF20BB1F3300AA2335 /* ZigZagTraversalTest.swift in Sources */ = {isa = PBXBuildFile; fileRef = 421177DE20BB1F3300AA2335 /* ZigZagTraversalTest.swift */; };
		42D65736275C256300117233 /* GreatestSumDivisibleBy3.swift in Sources */ = {isa = PBXBuildFile; fileRef = 42D65735275C256300117233 /* GreatestSumDivisibleBy3.swift */; };
		42D65739275C2DD000117233 /* GreatestSumDivisibleBy3Test.swift in Sources */ = {isa = PBXBuildFile; fileRef = 42D65737275C2DCB00117233 /* GreatestSumDivisibleBy3Test.swift */; };
		BF_137410002110 /* MSFTInterviewQuestions.h in Headers */ = {isa = PBXBuildFile; fileRef = FR_307080811752 /* MSFTInterviewQuestions.h */; settings = {ATTRIBUTES = (Public, ); }; };
		BF_151642620219 /* BSTCheckTest.swift in Sources */ = {isa = PBXBuildFile; fileRef = FR_716589952334 /* BSTCheckTest.swift */; };
		BF_230353863046 /* ReverseMiddleSortMergeLinkedList.swift in Sources */ = {isa = PBXBuildFile; fileRef = FR_738180632054 /* ReverseMiddleSortMergeLinkedList.swift */; };
		BF_289826298127 /* KeyPair.swift in Sources */ = {isa = PBXBuildFile; fileRef = FR_414906470603 /* KeyPair.swift */; };
		BF_354546509817 /* DivisibleBy3Solver.swift in Sources */ = {isa = PBXBuildFile; fileRef = FR_637310739776 /* DivisibleBy3Solver.swift */; };
		BF_368907318114 /* MajorityElementTest.swift in Sources */ = {isa = PBXBuildFile; fileRef = FR_837242399486 /* MajorityElementTest.swift */; };
		BF_403958446795 /* BSTCheck.swift in Sources */ = {isa = PBXBuildFile; fileRef = FR_678525335848 /* BSTCheck.swift */; };
		BF_458746705148 /* LongestPalindromicSubstring.swift in Sources */ = {isa = PBXBuildFile; fileRef = FR_432220904832 /* LongestPalindromicSubstring.swift */; };
		BF_482627798341 /* SymettricTreeSolver.swift in Sources */ = {isa = PBXBuildFile; fileRef = FR_519687153506 /* SymettricTreeSolver.swift */; };
		BF_570864581381 /* DivisibleBy3Test.swift in Sources */ = {isa = PBXBuildFile; fileRef = FR_358546178211 /* DivisibleBy3Test.swift */; };
		BF_661122048039 /* RotatedArraySearchTest.swift in Sources */ = {isa = PBXBuildFile; fileRef = FR_256198207522 /* RotatedArraySearchTest.swift */; };
		BF_671579297522 /* KadanesAlgoSolver.swift in Sources */ = {isa = PBXBuildFile; fileRef = FR_846311851613 /* KadanesAlgoSolver.swift */; };
		BF_767014658658 /* KadanesAlgoTest.swift in Sources */ = {isa = PBXBuildFile; fileRef = FR_813680861233 /* KadanesAlgoTest.swift */; };
		BF_787673643214 /* SymettricTreeTest.swift in Sources */ = {isa = PBXBuildFile; fileRef = FR_184101787712 /* SymettricTreeTest.swift */; };
		BF_789988603799 /* MissingNumberSolver.swift in Sources */ = {isa = PBXBuildFile; fileRef = FR_796069683942 /* MissingNumberSolver.swift */; };
		BF_824364079718 /* MissingNumberTest.swift in Sources */ = {isa = PBXBuildFile; fileRef = FR_716990756997 /* MissingNumberTest.swift */; };
		BF_841717281072 /* KeyPairTest.swift in Sources */ = {isa = PBXBuildFile; fileRef = FR_505448009539 /* KeyPairTest.swift */; };
		BF_848230035910 /* RotatedArraySearch.swift in Sources */ = {isa = PBXBuildFile; fileRef = FR_452525049497 /* RotatedArraySearch.swift */; };
		BF_853331434993 /* HasPathSum.swift in Sources */ = {isa = PBXBuildFile; fileRef = FR_873609874280 /* HasPathSum.swift */; };
		BF_873166864869 /* LinkedListTest.swift in Sources */ = {isa = PBXBuildFile; fileRef = FR_203938555128 /* LinkedListTest.swift */; };
		BF_901706121155 /* MajorityElement.swift in Sources */ = {isa = PBXBuildFile; fileRef = FR_675787296314 /* MajorityElement.swift */; };
		BF_906617213851 /* MSFTInterviewQuestions.framework in Frameworks */ = {isa = PBXBuildFile; fileRef = FR_276509239756 /* MSFTInterviewQuestions.framework */; };
/* End PBXBuildFile section */

/* Begin PBXContainerItemProxy section */
		CIP_73358347380 /* PBXContainerItemProxy */ = {
			isa = PBXContainerItemProxy;
			containerPortal = P_8474734825290 /* Project object */;
			proxyType = 1;
			remoteGlobalIDString = NT_276509239756;
			remoteInfo = MSFTInterviewQuestions_macOS;
		};
/* End PBXContainerItemProxy section */

/* Begin PBXFileReference section */
		421177CE20BAFEF000AA2335 /* MinCostClimbingStairsSolver.swift */ = {isa = PBXFileReference; lastKnownFileType = sourcecode.swift; path = MinCostClimbingStairsSolver.swift; sourceTree = "<group>"; };
		421177D020BAFF3A00AA2335 /* MinCostClimbingStairsSolverTest.swift */ = {isa = PBXFileReference; lastKnownFileType = sourcecode.swift; path = MinCostClimbingStairsSolverTest.swift; sourceTree = "<group>"; };
		421177D220BB088B00AA2335 /* BuyAndSellOneStockSolver.swift */ = {isa = PBXFileReference; lastKnownFileType = sourcecode.swift; path = BuyAndSellOneStockSolver.swift; sourceTree = "<group>"; };
		421177D420BB08D700AA2335 /* BuyAndSellOneStockTest.swift */ = {isa = PBXFileReference; lastKnownFileType = sourcecode.swift; path = BuyAndSellOneStockTest.swift; sourceTree = "<group>"; };
		421177D620BB147300AA2335 /* StairClimbing.swift */ = {isa = PBXFileReference; lastKnownFileType = sourcecode.swift; path = StairClimbing.swift; sourceTree = "<group>"; };
		421177D820BB177C00AA2335 /* StairClimbingTest.swift */ = {isa = PBXFileReference; lastKnownFileType = sourcecode.swift; path = StairClimbingTest.swift; sourceTree = "<group>"; };
		421177DA20BB1A6800AA2335 /* HouseRobberSolver.swift */ = {isa = PBXFileReference; lastKnownFileType = sourcecode.swift; path = HouseRobberSolver.swift; sourceTree = "<group>"; };
		421177DC20BB1EC500AA2335 /* ZigZagTreeTraversal.swift */ = {isa = PBXFileReference; lastKnownFileType = sourcecode.swift; path = ZigZagTreeTraversal.swift; sourceTree = "<group>"; };
		421177DE20BB1F3300AA2335 /* ZigZagTraversalTest.swift */ = {isa = PBXFileReference; lastKnownFileType = sourcecode.swift; path = ZigZagTraversalTest.swift; sourceTree = "<group>"; };
		42D65735275C256300117233 /* GreatestSumDivisibleBy3.swift */ = {isa = PBXFileReference; lastKnownFileType = sourcecode.swift; path = GreatestSumDivisibleBy3.swift; sourceTree = "<group>"; };
		42D65737275C2DCB00117233 /* GreatestSumDivisibleBy3Test.swift */ = {isa = PBXFileReference; lastKnownFileType = sourcecode.swift; path = GreatestSumDivisibleBy3Test.swift; sourceTree = "<group>"; };
		FR_184101787712 /* SymettricTreeTest.swift */ = {isa = PBXFileReference; lastKnownFileType = sourcecode.swift; path = SymettricTreeTest.swift; sourceTree = "<group>"; };
		FR_203938555128 /* LinkedListTest.swift */ = {isa = PBXFileReference; lastKnownFileType = sourcecode.swift; path = LinkedListTest.swift; sourceTree = "<group>"; };
		FR_256198207522 /* RotatedArraySearchTest.swift */ = {isa = PBXFileReference; lastKnownFileType = sourcecode.swift; path = RotatedArraySearchTest.swift; sourceTree = "<group>"; };
		FR_276509239756 /* MSFTInterviewQuestions.framework */ = {isa = PBXFileReference; explicitFileType = wrapper.framework; includeInIndex = 0; path = MSFTInterviewQuestions.framework; sourceTree = BUILT_PRODUCTS_DIR; };
		FR_307080811752 /* MSFTInterviewQuestions.h */ = {isa = PBXFileReference; lastKnownFileType = sourcecode.c.h; path = MSFTInterviewQuestions.h; sourceTree = "<group>"; };
		FR_358546178211 /* DivisibleBy3Test.swift */ = {isa = PBXFileReference; lastKnownFileType = sourcecode.swift; path = DivisibleBy3Test.swift; sourceTree = "<group>"; };
		FR_397163283878 /* Info.plist */ = {isa = PBXFileReference; lastKnownFileType = text.plist.xml; path = Info.plist; sourceTree = "<group>"; };
		FR_414906470603 /* KeyPair.swift */ = {isa = PBXFileReference; lastKnownFileType = sourcecode.swift; path = KeyPair.swift; sourceTree = "<group>"; };
		FR_432220904832 /* LongestPalindromicSubstring.swift */ = {isa = PBXFileReference; lastKnownFileType = sourcecode.swift; path = LongestPalindromicSubstring.swift; sourceTree = "<group>"; };
		FR_452525049497 /* RotatedArraySearch.swift */ = {isa = PBXFileReference; lastKnownFileType = sourcecode.swift; path = RotatedArraySearch.swift; sourceTree = "<group>"; };
		FR_505448009539 /* KeyPairTest.swift */ = {isa = PBXFileReference; lastKnownFileType = sourcecode.swift; path = KeyPairTest.swift; sourceTree = "<group>"; };
		FR_519687153506 /* SymettricTreeSolver.swift */ = {isa = PBXFileReference; lastKnownFileType = sourcecode.swift; path = SymettricTreeSolver.swift; sourceTree = "<group>"; };
		FR_616253480037 /* Info.plist */ = {isa = PBXFileReference; lastKnownFileType = text.plist.xml; path = Info.plist; sourceTree = "<group>"; };
		FR_637310739776 /* DivisibleBy3Solver.swift */ = {isa = PBXFileReference; lastKnownFileType = sourcecode.swift; path = DivisibleBy3Solver.swift; sourceTree = "<group>"; };
		FR_675787296314 /* MajorityElement.swift */ = {isa = PBXFileReference; lastKnownFileType = sourcecode.swift; path = MajorityElement.swift; sourceTree = "<group>"; };
		FR_678525335848 /* BSTCheck.swift */ = {isa = PBXFileReference; lastKnownFileType = sourcecode.swift; path = BSTCheck.swift; sourceTree = "<group>"; };
		FR_716589952334 /* BSTCheckTest.swift */ = {isa = PBXFileReference; lastKnownFileType = sourcecode.swift; path = BSTCheckTest.swift; sourceTree = "<group>"; };
		FR_716990756997 /* MissingNumberTest.swift */ = {isa = PBXFileReference; lastKnownFileType = sourcecode.swift; path = MissingNumberTest.swift; sourceTree = "<group>"; };
		FR_733583473800 /* MSFTInterviewQuestionsTests.xctest */ = {isa = PBXFileReference; explicitFileType = wrapper.cfbundle; includeInIndex = 0; path = MSFTInterviewQuestionsTests.xctest; sourceTree = BUILT_PRODUCTS_DIR; };
		FR_738180632054 /* ReverseMiddleSortMergeLinkedList.swift */ = {isa = PBXFileReference; lastKnownFileType = sourcecode.swift; path = ReverseMiddleSortMergeLinkedList.swift; sourceTree = "<group>"; };
		FR_796069683942 /* MissingNumberSolver.swift */ = {isa = PBXFileReference; lastKnownFileType = sourcecode.swift; path = MissingNumberSolver.swift; sourceTree = "<group>"; };
		FR_813680861233 /* KadanesAlgoTest.swift */ = {isa = PBXFileReference; lastKnownFileType = sourcecode.swift; path = KadanesAlgoTest.swift; sourceTree = "<group>"; };
		FR_837242399486 /* MajorityElementTest.swift */ = {isa = PBXFileReference; lastKnownFileType = sourcecode.swift; path = MajorityElementTest.swift; sourceTree = "<group>"; };
		FR_846311851613 /* KadanesAlgoSolver.swift */ = {isa = PBXFileReference; lastKnownFileType = sourcecode.swift; path = KadanesAlgoSolver.swift; sourceTree = "<group>"; };
		FR_873609874280 /* HasPathSum.swift */ = {isa = PBXFileReference; lastKnownFileType = sourcecode.swift; path = HasPathSum.swift; sourceTree = "<group>"; };
/* End PBXFileReference section */

/* Begin PBXFrameworksBuildPhase section */
		FBP_73358347380 /* Frameworks */ = {
			isa = PBXFrameworksBuildPhase;
			buildActionMask = 2147483647;
			files = (
				BF_906617213851 /* MSFTInterviewQuestions.framework in Frameworks */,
			);
			runOnlyForDeploymentPostprocessing = 0;
		};
/* End PBXFrameworksBuildPhase section */

/* Begin PBXGroup section */
		G_2388640895522 /* MSFTInterviewQuestionsTests */ = {
			isa = PBXGroup;
			children = (
				421177DE20BB1F3300AA2335 /* ZigZagTraversalTest.swift */,
				421177D820BB177C00AA2335 /* StairClimbingTest.swift */,
				421177D420BB08D700AA2335 /* BuyAndSellOneStockTest.swift */,
				421177D020BAFF3A00AA2335 /* MinCostClimbingStairsSolverTest.swift */,
				FR_716589952334 /* BSTCheckTest.swift */,
				FR_358546178211 /* DivisibleBy3Test.swift */,
				FR_616253480037 /* Info.plist */,
				FR_813680861233 /* KadanesAlgoTest.swift */,
				FR_505448009539 /* KeyPairTest.swift */,
				FR_203938555128 /* LinkedListTest.swift */,
				FR_837242399486 /* MajorityElementTest.swift */,
				FR_716990756997 /* MissingNumberTest.swift */,
				FR_256198207522 /* RotatedArraySearchTest.swift */,
				FR_184101787712 /* SymettricTreeTest.swift */,
				42D65737275C2DCB00117233 /* GreatestSumDivisibleBy3Test.swift */,
			);
			path = MSFTInterviewQuestionsTests;
			sourceTree = "<group>";
		};
		G_8448771205358 = {
			isa = PBXGroup;
			children = (
				G_8474734825290 /* MSFTInterviewQuestions */,
				G_2388640895522 /* MSFTInterviewQuestionsTests */,
				G_8620238527590 /* Products */,
			);
			sourceTree = "<group>";
		};
		G_8474734825290 /* MSFTInterviewQuestions */ = {
			isa = PBXGroup;
			children = (
				421177DA20BB1A6800AA2335 /* HouseRobberSolver.swift */,
				421177DC20BB1EC500AA2335 /* ZigZagTreeTraversal.swift */,
				421177CE20BAFEF000AA2335 /* MinCostClimbingStairsSolver.swift */,
				421177D620BB147300AA2335 /* StairClimbing.swift */,
				421177D220BB088B00AA2335 /* BuyAndSellOneStockSolver.swift */,
				FR_678525335848 /* BSTCheck.swift */,
				FR_637310739776 /* DivisibleBy3Solver.swift */,
				FR_873609874280 /* HasPathSum.swift */,
				FR_397163283878 /* Info.plist */,
				FR_846311851613 /* KadanesAlgoSolver.swift */,
				FR_414906470603 /* KeyPair.swift */,
				FR_432220904832 /* LongestPalindromicSubstring.swift */,
				FR_307080811752 /* MSFTInterviewQuestions.h */,
				FR_675787296314 /* MajorityElement.swift */,
				FR_796069683942 /* MissingNumberSolver.swift */,
				FR_738180632054 /* ReverseMiddleSortMergeLinkedList.swift */,
				FR_452525049497 /* RotatedArraySearch.swift */,
				FR_519687153506 /* SymettricTreeSolver.swift */,
				42D65735275C256300117233 /* GreatestSumDivisibleBy3.swift */,
			);
			path = MSFTInterviewQuestions;
			sourceTree = "<group>";
		};
		G_8620238527590 /* Products */ = {
			isa = PBXGroup;
			children = (
				FR_276509239756 /* MSFTInterviewQuestions.framework */,
				FR_733583473800 /* MSFTInterviewQuestionsTests.xctest */,
			);
			name = Products;
			sourceTree = "<group>";
		};
/* End PBXGroup section */

/* Begin PBXHeadersBuildPhase section */
		HBP_27650923975 /* Headers */ = {
			isa = PBXHeadersBuildPhase;
			buildActionMask = 2147483647;
			files = (
				BF_137410002110 /* MSFTInterviewQuestions.h in Headers */,
			);
			runOnlyForDeploymentPostprocessing = 0;
		};
/* End PBXHeadersBuildPhase section */

/* Begin PBXNativeTarget section */
		NT_276509239756 /* MSFTInterviewQuestions_macOS */ = {
			isa = PBXNativeTarget;
			buildConfigurationList = CL_276509239756 /* Build configuration list for PBXNativeTarget "MSFTInterviewQuestions_macOS" */;
			buildPhases = (
				SBP_27650923975 /* Sources */,
				HBP_27650923975 /* Headers */,
			);
			buildRules = (
			);
			dependencies = (
			);
			name = MSFTInterviewQuestions_macOS;
			productName = MSFTInterviewQuestions_macOS;
			productReference = FR_276509239756 /* MSFTInterviewQuestions.framework */;
			productType = "com.apple.product-type.framework";
		};
		NT_733583473800 /* MSFTInterviewQuestionsTests_macOS */ = {
			isa = PBXNativeTarget;
			buildConfigurationList = CL_733583473800 /* Build configuration list for PBXNativeTarget "MSFTInterviewQuestionsTests_macOS" */;
			buildPhases = (
				SBP_73358347380 /* Sources */,
				FBP_73358347380 /* Frameworks */,
			);
			buildRules = (
			);
			dependencies = (
				TD_552897086721 /* PBXTargetDependency */,
			);
			name = MSFTInterviewQuestionsTests_macOS;
			productName = MSFTInterviewQuestionsTests_macOS;
			productReference = FR_733583473800 /* MSFTInterviewQuestionsTests.xctest */;
			productType = "com.apple.product-type.bundle.unit-test";
		};
/* End PBXNativeTarget section */

/* Begin PBXProject section */
		P_8474734825290 /* Project object */ = {
			isa = PBXProject;
			attributes = {
				LastUpgradeCheck = 0930;
			};
			buildConfigurationList = CL_847473482529 /* Build configuration list for PBXProject "MSFTInterviewQuestions" */;
			compatibilityVersion = "Xcode 3.2";
			developmentRegion = en;
			hasScannedForEncodings = 0;
			knownRegions = (
				en,
			);
			mainGroup = G_8448771205358;
			projectDirPath = "";
			projectRoot = "";
			targets = (
				NT_733583473800 /* MSFTInterviewQuestionsTests_macOS */,
				NT_276509239756 /* MSFTInterviewQuestions_macOS */,
			);
		};
/* End PBXProject section */

/* Begin PBXSourcesBuildPhase section */
		SBP_27650923975 /* Sources */ = {
			isa = PBXSourcesBuildPhase;
			buildActionMask = 2147483647;
			files = (
				BF_403958446795 /* BSTCheck.swift in Sources */,
				BF_354546509817 /* DivisibleBy3Solver.swift in Sources */,
				421177DB20BB1A6800AA2335 /* HouseRobberSolver.swift in Sources */,
				BF_853331434993 /* HasPathSum.swift in Sources */,
				421177DD20BB1EC500AA2335 /* ZigZagTreeTraversal.swift in Sources */,
				42D65736275C256300117233 /* GreatestSumDivisibleBy3.swift in Sources */,
				BF_671579297522 /* KadanesAlgoSolver.swift in Sources */,
				BF_289826298127 /* KeyPair.swift in Sources */,
				BF_458746705148 /* LongestPalindromicSubstring.swift in Sources */,
				421177D320BB088B00AA2335 /* BuyAndSellOneStockSolver.swift in Sources */,
				BF_901706121155 /* MajorityElement.swift in Sources */,
				BF_789988603799 /* MissingNumberSolver.swift in Sources */,
				BF_230353863046 /* ReverseMiddleSortMergeLinkedList.swift in Sources */,
				421177CF20BAFEF000AA2335 /* MinCostClimbingStairsSolver.swift in Sources */,
				BF_848230035910 /* RotatedArraySearch.swift in Sources */,
				421177D720BB147300AA2335 /* StairClimbing.swift in Sources */,
				BF_482627798341 /* SymettricTreeSolver.swift in Sources */,
			);
			runOnlyForDeploymentPostprocessing = 0;
		};
		SBP_73358347380 /* Sources */ = {
			isa = PBXSourcesBuildPhase;
			buildActionMask = 2147483647;
			files = (
				421177DF20BB1F3300AA2335 /* ZigZagTraversalTest.swift in Sources */,
				BF_151642620219 /* BSTCheckTest.swift in Sources */,
				BF_570864581381 /* DivisibleBy3Test.swift in Sources */,
				421177D920BB177C00AA2335 /* StairClimbingTest.swift in Sources */,
				BF_767014658658 /* KadanesAlgoTest.swift in Sources */,
				BF_841717281072 /* KeyPairTest.swift in Sources */,
				BF_873166864869 /* LinkedListTest.swift in Sources */,
				BF_368907318114 /* MajorityElementTest.swift in Sources */,
				BF_824364079718 /* MissingNumberTest.swift in Sources */,
				BF_661122048039 /* RotatedArraySearchTest.swift in Sources */,
				BF_787673643214 /* SymettricTreeTest.swift in Sources */,
				421177D120BAFF3A00AA2335 /* MinCostClimbingStairsSolverTest.swift in Sources */,
				421177D520BB08D700AA2335 /* BuyAndSellOneStockTest.swift in Sources */,
				42D65739275C2DD000117233 /* GreatestSumDivisibleBy3Test.swift in Sources */,
			);
			runOnlyForDeploymentPostprocessing = 0;
		};
/* End PBXSourcesBuildPhase section */

/* Begin PBXTargetDependency section */
		TD_552897086721 /* PBXTargetDependency */ = {
			isa = PBXTargetDependency;
			target = NT_276509239756 /* MSFTInterviewQuestions_macOS */;
			targetProxy = CIP_73358347380 /* PBXContainerItemProxy */;
		};
/* End PBXTargetDependency section */

/* Begin XCBuildConfiguration section */
		BC_240278525032 /* Debug */ = {
			isa = XCBuildConfiguration;
			buildSettings = {
				CODE_SIGN_IDENTITY = "";
				COMBINE_HIDPI_IMAGES = YES;
				CURRENT_PROJECT_VERSION = 1;
				DEFINES_MODULE = YES;
				DYLIB_COMPATIBILITY_VERSION = 1;
				DYLIB_CURRENT_VERSION = 1;
				DYLIB_INSTALL_NAME_BASE = "@rpath";
				ENABLE_TESTABILITY = YES;
				INFOPLIST_FILE = MSFTInterviewQuestions/Info.plist;
				INSTALL_PATH = "$(LOCAL_LIBRARY_DIR)/Frameworks";
				LD_RUNPATH_SEARCH_PATHS = "$(inherited) @executable_path/../Frameworks";
				PRODUCT_BUNDLE_IDENTIFIER = com.rmalhotra.MSFTInterviewQuestions;
				PRODUCT_NAME = MSFTInterviewQuestions;
				SDKROOT = macosx;
				SKIP_INSTALL = YES;
				VERSIONING_SYSTEM = "apple-generic";
			};
			name = Debug;
		};
		BC_443733500086 /* Debug */ = {
			isa = XCBuildConfiguration;
			buildSettings = {
				BUNDLE_LOADER = "$(TEST_HOST)";
				COMBINE_HIDPI_IMAGES = YES;
				INFOPLIST_FILE = MSFTInterviewQuestionsTests/Info.plist;
				LD_RUNPATH_SEARCH_PATHS = "$(inherited) @executable_path/Frameworks @loader_path/Frameworks";
				"LD_RUNPATH_SEARCH_PATHS[sdk=macosx*]" = "$(inherited) @executable_path/../Frameworks @loader_path/../Frameworks";
				PRODUCT_NAME = MSFTInterviewQuestionsTests;
				SDKROOT = macosx;
			};
			name = Debug;
		};
		BC_479945831424 /* Debug */ = {
			isa = XCBuildConfiguration;
			buildSettings = {
				ALWAYS_SEARCH_USER_PATHS = NO;
				CLANG_ANALYZER_NONNULL = YES;
				CLANG_ANALYZER_NUMBER_OBJECT_CONVERSION = YES_AGGRESSIVE;
				CLANG_CXX_LANGUAGE_STANDARD = "gnu++14";
				CLANG_CXX_LIBRARY = "libc++";
				CLANG_ENABLE_MODULES = YES;
				CLANG_ENABLE_OBJC_ARC = YES;
				CLANG_WARN_BLOCK_CAPTURE_AUTORELEASING = YES;
				CLANG_WARN_BOOL_CONVERSION = YES;
				CLANG_WARN_COMMA = YES;
				CLANG_WARN_CONSTANT_CONVERSION = YES;
				CLANG_WARN_DEPRECATED_OBJC_IMPLEMENTATIONS = YES;
				CLANG_WARN_DIRECT_OBJC_ISA_USAGE = YES_ERROR;
				CLANG_WARN_DOCUMENTATION_COMMENTS = YES;
				CLANG_WARN_EMPTY_BODY = YES;
				CLANG_WARN_ENUM_CONVERSION = YES;
				CLANG_WARN_INFINITE_RECURSION = YES;
				CLANG_WARN_INT_CONVERSION = YES;
				CLANG_WARN_NON_LITERAL_NULL_CONVERSION = YES;
				CLANG_WARN_OBJC_IMPLICIT_RETAIN_SELF = YES;
				CLANG_WARN_OBJC_LITERAL_CONVERSION = YES;
				CLANG_WARN_OBJC_ROOT_CLASS = YES_ERROR;
				CLANG_WARN_RANGE_LOOP_ANALYSIS = YES;
				CLANG_WARN_STRICT_PROTOTYPES = YES;
				CLANG_WARN_SUSPICIOUS_MOVE = YES;
				CLANG_WARN_UNGUARDED_AVAILABILITY = YES_AGGRESSIVE;
				CLANG_WARN_UNREACHABLE_CODE = YES;
				CLANG_WARN__DUPLICATE_METHOD_MATCH = YES;
				COPY_PHASE_STRIP = NO;
				DEBUG_INFORMATION_FORMAT = dwarf;
				ENABLE_STRICT_OBJC_MSGSEND = YES;
				ENABLE_TESTABILITY = YES;
				GCC_C_LANGUAGE_STANDARD = gnu11;
				GCC_DYNAMIC_NO_PIC = NO;
				GCC_NO_COMMON_BLOCKS = YES;
				GCC_OPTIMIZATION_LEVEL = 0;
				GCC_PREPROCESSOR_DEFINITIONS = (
					"$(inherited)",
					"DEBUG=1",
				);
				GCC_WARN_64_TO_32_BIT_CONVERSION = YES;
				GCC_WARN_ABOUT_RETURN_TYPE = YES_ERROR;
				GCC_WARN_UNDECLARED_SELECTOR = YES;
				GCC_WARN_UNINITIALIZED_AUTOS = YES_AGGRESSIVE;
				GCC_WARN_UNUSED_FUNCTION = YES;
				GCC_WARN_UNUSED_VARIABLE = YES;
				MACOSX_DEPLOYMENT_TARGET = 10.12;
				MTL_ENABLE_DEBUG_INFO = YES;
				ONLY_ACTIVE_ARCH = YES;
				PRODUCT_NAME = "$(TARGET_NAME)";
				SWIFT_ACTIVE_COMPILATION_CONDITIONS = DEBUG;
				SWIFT_OPTIMIZATION_LEVEL = "-Onone";
				SWIFT_VERSION = 4.0;
			};
			name = Debug;
		};
		BC_611477129003 /* Release */ = {
			isa = XCBuildConfiguration;
			buildSettings = {
				CODE_SIGN_IDENTITY = "";
				COMBINE_HIDPI_IMAGES = YES;
				CURRENT_PROJECT_VERSION = 1;
				DEFINES_MODULE = YES;
				DYLIB_COMPATIBILITY_VERSION = 1;
				DYLIB_CURRENT_VERSION = 1;
				DYLIB_INSTALL_NAME_BASE = "@rpath";
				ENABLE_TESTABILITY = YES;
				INFOPLIST_FILE = MSFTInterviewQuestions/Info.plist;
				INSTALL_PATH = "$(LOCAL_LIBRARY_DIR)/Frameworks";
				LD_RUNPATH_SEARCH_PATHS = "$(inherited) @executable_path/../Frameworks";
				PRODUCT_BUNDLE_IDENTIFIER = com.rmalhotra.MSFTInterviewQuestions;
				PRODUCT_NAME = MSFTInterviewQuestions;
				SDKROOT = macosx;
				SKIP_INSTALL = YES;
				VERSIONING_SYSTEM = "apple-generic";
			};
			name = Release;
		};
		BC_831767691089 /* Release */ = {
			isa = XCBuildConfiguration;
			buildSettings = {
				BUNDLE_LOADER = "$(TEST_HOST)";
				COMBINE_HIDPI_IMAGES = YES;
				INFOPLIST_FILE = MSFTInterviewQuestionsTests/Info.plist;
				LD_RUNPATH_SEARCH_PATHS = "$(inherited) @executable_path/Frameworks @loader_path/Frameworks";
				"LD_RUNPATH_SEARCH_PATHS[sdk=macosx*]" = "$(inherited) @executable_path/../Frameworks @loader_path/../Frameworks";
				PRODUCT_NAME = MSFTInterviewQuestionsTests;
				SDKROOT = macosx;
			};
			name = Release;
		};
		BC_881114754245 /* Release */ = {
			isa = XCBuildConfiguration;
			buildSettings = {
				ALWAYS_SEARCH_USER_PATHS = NO;
				CLANG_ANALYZER_NONNULL = YES;
				CLANG_ANALYZER_NUMBER_OBJECT_CONVERSION = YES_AGGRESSIVE;
				CLANG_CXX_LANGUAGE_STANDARD = "gnu++14";
				CLANG_CXX_LIBRARY = "libc++";
				CLANG_ENABLE_MODULES = YES;
				CLANG_ENABLE_OBJC_ARC = YES;
				CLANG_WARN_BLOCK_CAPTURE_AUTORELEASING = YES;
				CLANG_WARN_BOOL_CONVERSION = YES;
				CLANG_WARN_COMMA = YES;
				CLANG_WARN_CONSTANT_CONVERSION = YES;
				CLANG_WARN_DEPRECATED_OBJC_IMPLEMENTATIONS = YES;
				CLANG_WARN_DIRECT_OBJC_ISA_USAGE = YES_ERROR;
				CLANG_WARN_DOCUMENTATION_COMMENTS = YES;
				CLANG_WARN_EMPTY_BODY = YES;
				CLANG_WARN_ENUM_CONVERSION = YES;
				CLANG_WARN_INFINITE_RECURSION = YES;
				CLANG_WARN_INT_CONVERSION = YES;
				CLANG_WARN_NON_LITERAL_NULL_CONVERSION = YES;
				CLANG_WARN_OBJC_IMPLICIT_RETAIN_SELF = YES;
				CLANG_WARN_OBJC_LITERAL_CONVERSION = YES;
				CLANG_WARN_OBJC_ROOT_CLASS = YES_ERROR;
				CLANG_WARN_RANGE_LOOP_ANALYSIS = YES;
				CLANG_WARN_STRICT_PROTOTYPES = YES;
				CLANG_WARN_SUSPICIOUS_MOVE = YES;
				CLANG_WARN_UNGUARDED_AVAILABILITY = YES_AGGRESSIVE;
				CLANG_WARN_UNREACHABLE_CODE = YES;
				CLANG_WARN__DUPLICATE_METHOD_MATCH = YES;
				COPY_PHASE_STRIP = NO;
				DEBUG_INFORMATION_FORMAT = "dwarf-with-dsym";
				ENABLE_NS_ASSERTIONS = NO;
				ENABLE_STRICT_OBJC_MSGSEND = YES;
				GCC_C_LANGUAGE_STANDARD = gnu11;
				GCC_NO_COMMON_BLOCKS = YES;
				GCC_WARN_64_TO_32_BIT_CONVERSION = YES;
				GCC_WARN_ABOUT_RETURN_TYPE = YES_ERROR;
				GCC_WARN_UNDECLARED_SELECTOR = YES;
				GCC_WARN_UNINITIALIZED_AUTOS = YES_AGGRESSIVE;
				GCC_WARN_UNUSED_FUNCTION = YES;
				GCC_WARN_UNUSED_VARIABLE = YES;
				MACOSX_DEPLOYMENT_TARGET = 10.12;
				PRODUCT_NAME = "$(TARGET_NAME)";
				SWIFT_OPTIMIZATION_LEVEL = "-Owholemodule";
				SWIFT_VERSION = 4.0;
				VALIDATE_PRODUCT = YES;
			};
			name = Release;
		};
/* End XCBuildConfiguration section */

/* Begin XCConfigurationList section */
		CL_276509239756 /* Build configuration list for PBXNativeTarget "MSFTInterviewQuestions_macOS" */ = {
			isa = XCConfigurationList;
			buildConfigurations = (
				BC_240278525032 /* Debug */,
				BC_611477129003 /* Release */,
			);
			defaultConfigurationIsVisible = 0;
			defaultConfigurationName = "";
		};
		CL_733583473800 /* Build configuration list for PBXNativeTarget "MSFTInterviewQuestionsTests_macOS" */ = {
			isa = XCConfigurationList;
			buildConfigurations = (
				BC_443733500086 /* Debug */,
				BC_831767691089 /* Release */,
			);
			defaultConfigurationIsVisible = 0;
			defaultConfigurationName = "";
		};
		CL_847473482529 /* Build configuration list for PBXProject "MSFTInterviewQuestions" */ = {
			isa = XCConfigurationList;
			buildConfigurations = (
				BC_479945831424 /* Debug */,
				BC_881114754245 /* Release */,
			);
			defaultConfigurationIsVisible = 0;
			defaultConfigurationName = Debug;
		};
/* End XCConfigurationList section */
	};
	rootObject = P_8474734825290 /* Project object */;
}
